
Microsoft Visual Studio Solution File, Format Version 12.00
# Visual Studio 15
VisualStudioVersion = 15.0.27428.2037
MinimumVisualStudioVersion = 10.0.40219.1
Project("{FAE04EC0-301F-11D3-BF4B-00C04F79EFBC}") = "ArrayRotaion", "ArrayRotaion\ArrayRotaion.csproj", "{33DE226A-D381-40E2-B7AA-25367DA87A54}"
EndProject
Global
	GlobalSection(SolutionConfigurationPlatforms) = preSolution
		Debug|Any CPU = Debug|Any CPU
		Release|Any CPU = Release|Any CPU
	EndGlobalSection
	GlobalSection(ProjectConfigurationPlatforms) = postSolution
		{33DE226A-D381-40E2-B7AA-25367DA87A54}.Debug|Any CPU.ActiveCfg = Debug|Any CPU
		{33DE226A-D381-40E2-B7AA-25367DA87A54}.Debug|Any CPU.Build.0 = Debug|Any CPU
		{33DE226A-D381-40E2-B7AA-25367DA87A54}.Release|Any CPU.ActiveCfg = Release|Any CPU
		{33DE226A-D381-40E2-B7AA-25367DA87A54}.Release|Any CPU.Build.0 = Release|Any CPU
	EndGlobalSection
	GlobalSection(SolutionProperties) = preSolution
		HideSolutionNode = FALSE
	EndGlobalSection
	GlobalSection(ExtensibilityGlobals) = postSolution
		SolutionGuid = {3365CE6D-F1D4-449B-BDCB-698F236D8C65}
	EndGlobalSection
EndGlobal
